PODS:
  - Masonry (1.1.0)
  - SJPlaybackListController (1.0.1)

DEPENDENCIES:
  - Masonry
  - SJPlaybackListController (from `../`)

SPEC REPOS:
  trunk:
    - Masonry

EXTERNAL SOURCES:
  SJPlaybackListController:
    :path: "../"

SPEC CHECKSUMS:
  Masonry: 678fab65091a9290e40e2832a55e7ab731aad201
  SJPlaybackListController: 87e58c499bce50f7dd7275ff964f17dab86859c3

PODFILE CHECKSUM: 5cd21d43679f69cf3dc23f8f18ede91d735b8563

COCOAPODS: 1.10.1
