PODS:
  - Masonry (1.1.0)
  - SJPlaybackListController (0.0.5):
    - SJPlaybackListController/Core (= 0.0.5)
  - SJPlaybackListController/Core (0.0.5)

DEPENDENCIES:
  - Masonry
  - SJPlaybackListController (from `../`)

SPEC REPOS:
  trunk:
    - Masonry

EXTERNAL SOURCES:
  SJPlaybackListController:
    :path: "../"

SPEC CHECKSUMS:
  Masonry: 678fab65091a9290e40e2832a55e7ab731aad201
  SJPlaybackListController: e135c789fcd63d63a62d5e2e2965ab1e6d52a2bd

PODFILE CHECKSUM: 5cd21d43679f69cf3dc23f8f18ede91d735b8563

COCOAPODS: 1.10.1
